// !$*UTF8*$!
{
	archiveVersion = 1;
	classes = {
	};
	objectVersion = 38;
	objects = {
		080E96DDFE201D6D7F000001 = {
			children = (
				F5C435DA026CABFB012A168D,
				F5C435DB026CABFB012A168D,
			);
			isa = PBXGroup;
			name = Classes;
			path = ..;
			refType = 2;
		};
		089C165CFE840E0CC02AAC07 = {
			children = (
				089C165DFE840E0CC02AAC07,
			);
			isa = PBXVariantGroup;
			name = InfoPlist.strings;
			refType = 4;
		};
		089C165DFE840E0CC02AAC07 = {
			fileEncoding = 10;
			isa = PBXFileReference;
			name = English;
			path = src/macosx/English.lproj/InfoPlist.strings;
			refType = 4;
		};
//080
//081
//082
//083
//084
//100
//101
//102
//103
//104
		1058C7A0FEA54F0111CA2CBB = {
			children = (
				1058C7A1FEA54F0111CA2CBB,
				F5144EED023F552D012A168D,
				F5144EF5023F664C012A168D,
			);
			isa = PBXGroup;
			name = "Linked Frameworks";
			refType = 4;
		};
		1058C7A1FEA54F0111CA2CBB = {
			isa = PBXFrameworkReference;
			name = Cocoa.framework;
			path = /System/Library/Frameworks/Cocoa.framework;
			refType = 0;
		};
		1058C7A2FEA54F0111CA2CBB = {
			children = (
				29B97325FDCFA39411CA2CEA,
				29B97324FDCFA39411CA2CEA,
			);
			isa = PBXGroup;
			name = "Other Frameworks";
			refType = 4;
		};
		1058C7A3FEA54F0111CA2CBB = {
			fileRef = 1058C7A1FEA54F0111CA2CBB;
			isa = PBXBuildFile;
			settings = {
			};
		};
//100
//101
//102
//103
//104
//170
//171
//172
//173
//174
		17587328FF379C6511CA2CBB = {
			isa = PBXApplicationReference;
			path = Armagetron.app;
			refType = 3;
		};
//170
//171
//172
//173
//174
//190
//191
//192
//193
//194
		19C28FACFE9D520D11CA2CBB = {
			children = (
				17587328FF379C6511CA2CBB,
			);
			isa = PBXGroup;
			name = Products;
			path = ..;
			refType = 2;
		};
//190
//191
//192
//193
//194
//290
//291
//292
//293
//294
		29B97313FDCFA39411CA2CEA = {
			buildStyles = (
				4A9504CCFFE6A4B311CA0CBA,
				4A9504CDFFE6A4B311CA0CBA,
			);
			hasScannedForEncodings = 1;
			isa = PBXProject;
			mainGroup = 29B97314FDCFA39411CA2CEA;
			projectDirPath = "";
			targets = (
				29B97326FDCFA39411CA2CEA,
			);
		};
		29B97314FDCFA39411CA2CEA = {
			children = (
				F5144DBD023F54A9012A168D,
				080E96DDFE201D6D7F000001,
				29B97317FDCFA39411CA2CEA,
				F7BCC2840279CA610136511D,
				29B97323FDCFA39411CA2CEA,
				19C28FACFE9D520D11CA2CBB,
			);
			isa = PBXGroup;
			name = "SDL App";
			path = "";
			refType = 4;
		};
		29B97317FDCFA39411CA2CEA = {
			children = (
				B53C029503B07B9F003C4C3A,
				F5C2C0A0026E3D01012A168D,
				F5C4362E026CBCA6012A168D,
				F5C43622026CB85B012A168D,
				F5C4361A026CB850012A168D,
				F5C4361B026CB850012A168D,
				F5C4361C026CB850012A168D,
				F5C4361D026CB850012A168D,
				089C165CFE840E0CC02AAC07,
			);
			isa = PBXGroup;
			name = Resources;
			path = ..;
			refType = 2;
		};
		29B97323FDCFA39411CA2CEA = {
			children = (
				1058C7A0FEA54F0111CA2CBB,
				1058C7A2FEA54F0111CA2CBB,
			);
			isa = PBXGroup;
			name = Frameworks;
			path = "";
			refType = 2;
		};
		29B97324FDCFA39411CA2CEA = {
			isa = PBXFrameworkReference;
			name = AppKit.framework;
			path = /System/Library/Frameworks/AppKit.framework;
			refType = 0;
		};
		29B97325FDCFA39411CA2CEA = {
			isa = PBXFrameworkReference;
			name = Foundation.framework;
			path = /System/Library/Frameworks/Foundation.framework;
			refType = 0;
		};
		29B97326FDCFA39411CA2CEA = {
			buildPhases = (
				B570CC0704D46C0100A80001,
				F5CAF325027F4F12012A168D,
				29B97327FDCFA39411CA2CEA,
				29B97328FDCFA39411CA2CEA,
				29B9732BFDCFA39411CA2CEA,
				29B9732DFDCFA39411CA2CEA,
			);
			buildSettings = {
				FRAMEWORK_SEARCH_PATHS = "\"$(HOME)/Library/Frameworks\"";
				HEADER_SEARCH_PATHS = "armagetron \"$(HOME)/Library/Frameworks/SDL.framework/Versions/A/Headers\" \"$(HOME)/Library/Frameworks/SDL_image.framework/Versions/A/Headers\" \"$(HOME)/Library/Frameworks/SDL_mixer.framework/Versions/A/Headers\"";
				INSTALL_PATH = /Applications;
				PRODUCT_NAME = Armagetron;
				SECTORDER_FLAGS = "";
				WARNING_CFLAGS = "-Wmost -Wno-four-char-constants -Wno-unknown-pragmas";
				WRAPPER_EXTENSION = app;
			};
			dependencies = (
			);
			isa = PBXApplicationTarget;
			name = Armagetron;
			productInstallPath = /Applications;
			productName = "SDL App";
			productReference = 17587328FF379C6511CA2CBB;
			productSettingsXML = "<?xml version=\"1.0\" encoding=\"UTF-8\"?>
<!DOCTYPE plist PUBLIC \"-//Apple Computer//DTD PLIST 1.0//EN\" \"http://www.apple.com/DTDs/PropertyList-1.0.dtd\">
<plist version=\"1.0\">
<dict>
	<key>CFBundleDevelopmentRegion</key>
	<string>English</string>
	<key>CFBundleExecutable</key>
	<string>Armagetron</string>
	<key>CFBundleGetInfoString</key>
	<string>Armagetron v0.2.0pre</string>
	<key>CFBundleIconFile</key>
	<string>Armagetron.icns</string>
	<key>CFBundleIdentifier</key>
	<string>net.sf.armegetron</string>
	<key>CFBundleInfoDictionaryVersion</key>
	<string>6.0</string>
	<key>CFBundleName</key>
	<string>Armagetron</string>
	<key>CFBundlePackageType</key>
	<string>APPL</string>
	<key>CFBundleShortVersionString</key>
	<string>0.2.0pre</string>
	<key>CFBundleSignature</key>
	<string>amge</string>
	<key>CFBundleVersion</key>
	<string>0.2.0pre</string>
	<key>NSMainNibFile</key>
	<string>SDLMain</string>
	<key>NSPrincipalClass</key>
	<string>NSApplication</string>
</dict>
</plist>
";
		};
		29B97327FDCFA39411CA2CEA = {
			buildActionMask = 2147483647;
			files = (
				F5144E5F023F54A9012A168D,
				F5144E60023F54A9012A168D,
				F5144E61023F54A9012A168D,
				F5144E62023F54A9012A168D,
				F5144E63023F54A9012A168D,
				F5144E64023F54A9012A168D,
				F5144E65023F54A9012A168D,
				F5144E66023F54A9012A168D,
				F5144E67023F54A9012A168D,
				F5144E68023F54A9012A168D,
				F5144E69023F54A9012A168D,
				F5144E6C023F54A9012A168D,
				F5144E6E023F54A9012A168D,
				F5144E6F023F54A9012A168D,
				F5144E70023F54A9012A168D,
				F5144E71023F54A9012A168D,
				F5144E72023F54A9012A168D,
				F5144E73023F54A9012A168D,
				F5144E74023F54A9012A168D,
				F5144E75023F54A9012A168D,
				F5144E76023F54A9012A168D,
				F5144E77023F54A9012A168D,
				F5144E78023F54A9012A168D,
				F5144E79023F54A9012A168D,
				F5144E7A023F54A9012A168D,
				F5144E7B023F54A9012A168D,
				F5144E7C023F54A9012A168D,
				F5144E7D023F54A9012A168D,
				F5144E7E023F54A9012A168D,
				F5144E7F023F54A9012A168D,
				F5144E80023F54A9012A168D,
				F5144E81023F54A9012A168D,
				F5144E82023F54A9012A168D,
				F5144E83023F54A9012A168D,
				F5144E84023F54A9012A168D,
				F5144E85023F54A9012A168D,
				F5144E86023F54A9012A168D,
				F5144E87023F54A9012A168D,
				F5144E88023F54A9012A168D,
				F5144E89023F54A9012A168D,
				F5144E8A023F54A9012A168D,
				F5144E8B023F54A9012A168D,
				F5144E8C023F54A9012A168D,
				F5144E8D023F54A9012A168D,
				F5144E8E023F54A9012A168D,
				F5144E8F023F54A9012A168D,
				F5144E90023F54A9012A168D,
				F5144E91023F54A9012A168D,
				F5144E92023F54A9012A168D,
				F5144E93023F54A9012A168D,
				F5144E94023F54A9012A168D,
				F5144E95023F54A9012A168D,
				F5144E96023F54A9012A168D,
				F5144E97023F54A9012A168D,
				F5144E98023F54A9012A168D,
				F5144E99023F54A9012A168D,
				F5144E9A023F54A9012A168D,
				F5144E9B023F54A9012A168D,
				F5144E9C023F54A9012A168D,
				F5144E9D023F54A9012A168D,
				F5144E9E023F54A9012A168D,
				F5144E9F023F54A9012A168D,
				F526EBA1023F9455012A168D,
				F526EBA2023F9455012A168D,
				F526EBA3023F9455012A168D,
				F526EBA4023F9455012A168D,
				F526EBA5023F9455012A168D,
				F526EBA6023F9455012A168D,
				F526EBA7023F9455012A168D,
				F526EBA8023F9455012A168D,
				F526EBC6023F94E0012A168D,
				F526EBC7023F94E0012A168D,
				F526EBC8023F94E0012A168D,
				F526EBC9023F94E0012A168D,
				F526EBCA023F94E0012A168D,
				F526EBCB023F94E0012A168D,
				F5C435D3026CAA31012A168D,
				F5C435D4026CAA31012A168D,
				F5C435D9026CABEE012A168D,
				F5C435DC026CABFB012A168D,
				B53C029A03B07C1D003C4C3A,
				B570CC0F04D46EA000A80001,
				B570CC1104D46EA000A80001,
				B570CC1604D46F1000A80001,
			);
			isa = PBXHeadersBuildPhase;
			runOnlyForDeploymentPostprocessing = 0;
		};
		29B97328FDCFA39411CA2CEA = {
			buildActionMask = 2147483647;
			files = (
				F5C435DF026CAC11012A168D,
				F5C4361E026CB850012A168D,
				F5C4361F026CB850012A168D,
				F5C43620026CB850012A168D,
				F5C43621026CB850012A168D,
				F5C43623026CB85C012A168D,
				F5C4362F026CBCA6012A168D,
				F5C2C0A1026E3D01012A168D,
				B53C029603B07B9F003C4C3A,
			);
			isa = PBXResourcesBuildPhase;
			runOnlyForDeploymentPostprocessing = 0;
		};
		29B9732BFDCFA39411CA2CEA = {
			buildActionMask = 2147483647;
			files = (
				F5144EA0023F54A9012A168D,
				F5144EA1023F54A9012A168D,
				F5144EA2023F54A9012A168D,
				F5144EA3023F54A9012A168D,
				F5144EA4023F54A9012A168D,
				F5144EA5023F54A9012A168D,
				F5144EA7023F54A9012A168D,
				F5144EA8023F54A9012A168D,
				F5144EA9023F54A9012A168D,
				F5144EAA023F54A9012A168D,
				F5144EAE023F54A9012A168D,
				F5144EAF023F54A9012A168D,
				F5144EB1023F54A9012A168D,
				F5144EB5023F54A9012A168D,
				F5144EB6023F54A9012A168D,
				F5144EBA023F54A9012A168D,
				F5144EBB023F54A9012A168D,
				F5144EBD023F54A9012A168D,
				F5144EBE023F54A9012A168D,
				F5144EC0023F54A9012A168D,
				F5144EC1023F54A9012A168D,
				F5144EC2023F54A9012A168D,
				F5144EC3023F54A9012A168D,
				F5144EC4023F54A9012A168D,
				F5144EC5023F54A9012A168D,
				F5144EC6023F54A9012A168D,
				F5144EC7023F54A9012A168D,
				F5144EC8023F54A9012A168D,
				F5144ECB023F54A9012A168D,
				F5144ECC023F54A9012A168D,
				F5144ECD023F54A9012A168D,
				F5144ECE023F54A9012A168D,
				F5144ECF023F54A9012A168D,
				F5144ED0023F54A9012A168D,
				F5144ED1023F54A9012A168D,
				F5144ED2023F54A9012A168D,
				F5144ED3023F54A9012A168D,
				F5144ED5023F54A9012A168D,
				F5144ED6023F54A9012A168D,
				F5144ED8023F54A9012A168D,
				F5144ED9023F54A9012A168D,
				F5144EDA023F54A9012A168D,
				F5144EDB023F54A9012A168D,
				F5144EDC023F54A9012A168D,
				F5144EDD023F54A9012A168D,
				F5144EDE023F54A9012A168D,
				F5144EDF023F54A9012A168D,
				F5144EE0023F54A9012A168D,
				F5144EE1023F54A9012A168D,
				F5144EE2023F54A9012A168D,
				F5144EE3023F54A9012A168D,
				F5144EE4023F54A9012A168D,
				F5144EE5023F54A9012A168D,
				F5144EE6023F54A9012A168D,
				F5144EE7023F54A9012A168D,
				F5144EE8023F54A9012A168D,
				F5144EE9023F54A9012A168D,
				F5144EEA023F54A9012A168D,
				F526EBA9023F9455012A168D,
				F526EBAA023F9455012A168D,
				F526EBAB023F9455012A168D,
				F526EBAC023F9455012A168D,
				F526EBAD023F9455012A168D,
				F526EBAF023F9455012A168D,
				F526EBB0023F9455012A168D,
				F526EBB1023F9455012A168D,
				F526EBB2023F9455012A168D,
				F526EBB3023F9455012A168D,
				F526EBCE023F94E0012A168D,
				F526EBCF023F94E0012A168D,
				F526EBD0023F94E0012A168D,
				F526EBD1023F94E0012A168D,
				F526EBD2023F94E0012A168D,
				F526EBD3023F94E0012A168D,
				F5C435D5026CAA31012A168D,
				F5C435D7026CAA51012A168D,
				F5C435DD026CABFB012A168D,
				B53C029903B07C1D003C4C3A,
				B53C029C03B07C67003C4C3A,
				B570CC1004D46EA000A80001,
				B570CC1504D46F1000A80001,
			);
			isa = PBXSourcesBuildPhase;
			runOnlyForDeploymentPostprocessing = 0;
		};
		29B9732DFDCFA39411CA2CEA = {
			buildActionMask = 2147483647;
			files = (
				1058C7A3FEA54F0111CA2CBB,
				F5144EEF023F552D012A168D,
				F5144EF1023F571B012A168D,
				F5144EF4023F64E9012A168D,
				F526EB8D023F9017012A168D,
			);
			isa = PBXFrameworksBuildPhase;
			runOnlyForDeploymentPostprocessing = 0;
		};
//290
//291
//292
//293
//294
//4A0
//4A1
//4A2
//4A3
//4A4
		4A9504CCFFE6A4B311CA0CBA = {
			buildRules = (
			);
			buildSettings = {
				COPY_PHASE_STRIP = NO;
				OPTIMIZATION_CFLAGS = "-O0";
			};
			isa = PBXBuildStyle;
			name = Development;
		};
		4A9504CDFFE6A4B311CA0CBA = {
			buildRules = (
			);
			buildSettings = {
				COPY_PHASE_STRIP = YES;
			};
			isa = PBXBuildStyle;
			name = Deployment;
		};
//4A0
//4A1
//4A2
//4A3
//4A4
//B50
//B51
//B52
//B53
//B54
		B53C029503B07B9F003C4C3A = {
			isa = PBXFileReference;
			name = Armagetron.icns;
			path = MacOS/Armagetron.icns;
			refType = 4;
		};
		B53C029603B07B9F003C4C3A = {
			fileRef = B53C029503B07B9F003C4C3A;
			isa = PBXBuildFile;
			settings = {
			};
		};
		B53C029703B07C1D003C4C3A = {
			fileEncoding = 30;
			isa = PBXFileReference;
			path = tMemStack.cpp;
			refType = 4;
		};
		B53C029803B07C1D003C4C3A = {
			fileEncoding = 30;
			isa = PBXFileReference;
			path = tMemStack.h;
			refType = 4;
		};
		B53C029903B07C1D003C4C3A = {
			fileRef = B53C029703B07C1D003C4C3A;
			isa = PBXBuildFile;
			settings = {
			};
		};
		B53C029A03B07C1D003C4C3A = {
			fileRef = B53C029803B07C1D003C4C3A;
			isa = PBXBuildFile;
			settings = {
			};
		};
		B53C029B03B07C67003C4C3A = {
			fileEncoding = 30;
			isa = PBXFileReference;
			path = tLinkedList.cpp;
			refType = 4;
		};
		B53C029C03B07C67003C4C3A = {
			fileRef = B53C029B03B07C67003C4C3A;
			isa = PBXBuildFile;
			settings = {
			};
		};
		B570CC0704D46C0100A80001 = {
			buildActionMask = 2147483647;
			files = (
			);
			generatedFileNames = (
			);
			isa = PBXShellScriptBuildPhase;
			neededFileNames = (
			);
			runOnlyForDeploymentPostprocessing = 0;
			shellPath = /bin/sh;
			shellScript = "MAJORVERSION=\"`cat $SOURCE_ROOT/../major_version`\"\nMINORVERSION=\"`cat $SOURCE_ROOT/../minor_version`\"\nVERSION=\"$MAJORVERSION.$MINORVERSION\"\necho \\\"$VERSION\\\" > $SOURCE_ROOT/../version.h\nsed \"s|VERSION|${VERSION}|g\" < \"$SOURCE_ROOT/../src/macosx/English.lproj/InfoPlist.strings.in\" > \"$SOURCE_ROOT/../src/macosx/English.lproj/InfoPlist.strings\"\ncp \"$SOURCE_ROOT/../src/macosx/English.lproj/InfoPlist.strings\" \"$TARGET_BUILD_DIR/Armagetron.app/Contents/Resources/\"\ncat \"$SOURCE_ROOT/../src/macosx/English.lproj/InfoPlist.strings\"";
		};
		B570CC0804D46EA000A80001 = {
			fileEncoding = 30;
			isa = PBXFileReference;
			path = astat.cpp;
			refType = 4;
		};
		B570CC0904D46EA000A80001 = {
			fileEncoding = 30;
			isa = PBXFileReference;
			path = dep;
			refType = 4;
		};
		B570CC0A04D46EA000A80001 = {
			fileEncoding = 30;
			isa = PBXFileReference;
			path = md5.h;
			refType = 4;
		};
		B570CC0B04D46EA000A80001 = {
			fileEncoding = 30;
			isa = PBXFileReference;
			path = nObserver.cpp;
			refType = 4;
		};
		B570CC0C04D46EA000A80001 = {
			fileEncoding = 30;
			isa = PBXFileReference;
			path = nObserver.h;
			refType = 4;
		};
		B570CC0F04D46EA000A80001 = {
			fileRef = B570CC0A04D46EA000A80001;
			isa = PBXBuildFile;
			settings = {
			};
		};
		B570CC1004D46EA000A80001 = {
			fileRef = B570CC0B04D46EA000A80001;
			isa = PBXBuildFile;
			settings = {
			};
		};
		B570CC1104D46EA000A80001 = {
			fileRef = B570CC0C04D46EA000A80001;
			isa = PBXBuildFile;
			settings = {
			};
		};
		B570CC1304D46F1000A80001 = {
			fileEncoding = 30;
			isa = PBXFileReference;
			path = gWinZone.cpp;
			refType = 4;
		};
		B570CC1404D46F1000A80001 = {
			fileEncoding = 30;
			isa = PBXFileReference;
			path = gWinZone.h;
			refType = 4;
		};
		B570CC1504D46F1000A80001 = {
			fileRef = B570CC1304D46F1000A80001;
			isa = PBXBuildFile;
			settings = {
			};
		};
		B570CC1604D46F1000A80001 = {
			fileRef = B570CC1404D46F1000A80001;
			isa = PBXBuildFile;
			settings = {
			};
		};
//B50
//B51
//B52
//B53
//B54
//F50
//F51
//F52
//F53
//F54
		F5144DBD023F54A9012A168D = {
			children = (
				F5144DBE023F54A9012A168D,
				F5C435D8026CABEE012A168D,
				F5144DBF023F54A9012A168D,
				F5144DE3023F54A9012A168D,
				F5144DE4023F54A9012A168D,
				F5144DF6023F54A9012A168D,
				F5144DF7023F54A9012A168D,
				F5144DF8023F54A9012A168D,
				F5144E11023F54A9012A168D,
				F5144E36023F54A9012A168D,
				F5144E51023F54A9012A168D,
			);
			isa = PBXGroup;
			name = src;
			path = ../src;
			refType = 2;
		};
		F5144DBE023F54A9012A168D = {
			fileEncoding = 30;
			isa = PBXFileReference;
			path = defs.h;
			refType = 4;
		};
		F5144DBF023F54A9012A168D = {
			children = (
				F5144DE1023F54A9012A168D,
				F5144DC0023F54A9012A168D,
				F5144DC1023F54A9012A168D,
				F526EB8E023F9455012A168D,
				F526EB8F023F9455012A168D,
				F5144DC2023F54A9012A168D,
				F5144DC3023F54A9012A168D,
				F5144DC4023F54A9012A168D,
				F526EB90023F9455012A168D,
				F526EB91023F9455012A168D,
				F5144DC5023F54A9012A168D,
				F5144DC6023F54A9012A168D,
				F5144DC7023F54A9012A168D,
				F5144DC8023F54A9012A168D,
				F5144DC9023F54A9012A168D,
				F5144DCA023F54A9012A168D,
				F5144DCB023F54A9012A168D,
				F526EB92023F9455012A168D,
				F526EB93023F9455012A168D,
				F5144DCD023F54A9012A168D,
				F5144DCE023F54A9012A168D,
				F526EB94023F9455012A168D,
				F526EB95023F9455012A168D,
				F5144DCF023F54A9012A168D,
				F5144DD0023F54A9012A168D,
				F5144DD1023F54A9012A168D,
				F5144DD2023F54A9012A168D,
				F5144DD3023F54A9012A168D,
				F5144DD4023F54A9012A168D,
				F526EB96023F9455012A168D,
				F526EB97023F9455012A168D,
				F5144DD9023F54A9012A168D,
				F5144DDC023F54A9012A168D,
				F5144DDD023F54A9012A168D,
				F5144DDE023F54A9012A168D,
				F5144DDF023F54A9012A168D,
				F5144DE2023F54A9012A168D,
			);
			isa = PBXGroup;
			path = engine;
			refType = 4;
		};
		F5144DC0023F54A9012A168D = {
			fileEncoding = 30;
			isa = PBXFileReference;
			path = eAdvWall.cpp;
			refType = 4;
		};
		F5144DC1023F54A9012A168D = {
			fileEncoding = 30;
			isa = PBXFileReference;
			path = eAdvWall.h;
			refType = 4;
		};
		F5144DC2023F54A9012A168D = {
			fileEncoding = 30;
			isa = PBXFileReference;
			path = eCamera.cpp;
			refType = 4;
		};
		F5144DC3023F54A9012A168D = {
			fileEncoding = 30;
			isa = PBXFileReference;
			path = eCamera.h;
			refType = 4;
		};
		F5144DC4023F54A9012A168D = {
			fileEncoding = 30;
			isa = PBXFileReference;
			path = eCoord.h;
			refType = 4;
		};
		F5144DC5023F54A9012A168D = {
			fileEncoding = 30;
			isa = PBXFileReference;
			path = eDisplay.cpp;
			refType = 4;
		};
		F5144DC6023F54A9012A168D = {
			fileEncoding = 30;
			isa = PBXFileReference;
			path = eFloor.cpp;
			refType = 4;
		};
		F5144DC7023F54A9012A168D = {
			fileEncoding = 30;
			isa = PBXFileReference;
			path = eFloor.h;
			refType = 4;
		};
		F5144DC8023F54A9012A168D = {
			fileEncoding = 30;
			isa = PBXFileReference;
			path = eGameObject.cpp;
			refType = 4;
		};
		F5144DC9023F54A9012A168D = {
			fileEncoding = 30;
			isa = PBXFileReference;
			path = eGameObject.h;
			refType = 4;
		};
		F5144DCA023F54A9012A168D = {
			fileEncoding = 30;
			isa = PBXFileReference;
			path = eGrid.cpp;
			refType = 4;
		};
		F5144DCB023F54A9012A168D = {
			fileEncoding = 30;
			isa = PBXFileReference;
			path = eGrid.h;
			refType = 4;
		};
		F5144DCD023F54A9012A168D = {
			fileEncoding = 30;
			isa = PBXFileReference;
			path = eNetGameObject.cpp;
			refType = 4;
		};
		F5144DCE023F54A9012A168D = {
			fileEncoding = 30;
			isa = PBXFileReference;
			path = eNetGameObject.h;
			refType = 4;
		};
		F5144DCF023F54A9012A168D = {
			fileEncoding = 30;
			isa = PBXFileReference;
			path = ePlayer.cpp;
			refType = 4;
		};
		F5144DD0023F54A9012A168D = {
			fileEncoding = 30;
			isa = PBXFileReference;
			path = ePlayer.h;
			refType = 4;
		};
		F5144DD1023F54A9012A168D = {
			fileEncoding = 30;
			isa = PBXFileReference;
			path = eSensor.cpp;
			refType = 4;
		};
		F5144DD2023F54A9012A168D = {
			fileEncoding = 30;
			isa = PBXFileReference;
			path = eSensor.h;
			refType = 4;
		};
		F5144DD3023F54A9012A168D = {
			fileEncoding = 30;
			isa = PBXFileReference;
			path = eSound.cpp;
			refType = 4;
		};
		F5144DD4023F54A9012A168D = {
			fileEncoding = 30;
			isa = PBXFileReference;
			path = eSound.h;
			refType = 4;
		};
		F5144DD9023F54A9012A168D = {
			fileEncoding = 30;
			isa = PBXFileReference;
			path = eTess2.h;
			refType = 4;
		};
		F5144DDC023F54A9012A168D = {
			fileEncoding = 30;
			isa = PBXFileReference;
			path = eTimer.cpp;
			refType = 4;
		};
		F5144DDD023F54A9012A168D = {
			fileEncoding = 30;
			isa = PBXFileReference;
			path = eTimer.h;
			refType = 4;
		};
		F5144DDE023F54A9012A168D = {
			fileEncoding = 30;
			isa = PBXFileReference;
			path = eWall.cpp;
			refType = 4;
		};
		F5144DDF023F54A9012A168D = {
			fileEncoding = 30;
			isa = PBXFileReference;
			path = eWall.h;
			refType = 4;
		};
		F5144DE1023F54A9012A168D = {
			isa = PBXFileReference;
			path = Makefile.in;
			refType = 4;
		};
		F5144DE2023F54A9012A168D = {
			fileEncoding = 30;
			isa = PBXFileReference;
			path = test.cpp;
			refType = 4;
		};
		F5144DE3023F54A9012A168D = {
			fileEncoding = 30;
			isa = PBXFileReference;
			path = leftover.cpp;
			refType = 4;
		};
		F5144DE4023F54A9012A168D = {
			children = (
				F5144DE8023F54A9012A168D,
				B570CC0804D46EA000A80001,
				B570CC0904D46EA000A80001,
				F5144DE5023F54A9012A168D,
				F5144DE6023F54A9012A168D,
				F5144DE7023F54A9012A168D,
				F526EB98023F9455012A168D,
				F526EB99023F9455012A168D,
				B570CC0A04D46EA000A80001,
				F526EB9A023F9455012A168D,
				F526EB9B023F9455012A168D,
				F5144DE9023F54A9012A168D,
				F5144DEA023F54A9012A168D,
				F526EB9C023F9455012A168D,
				F526EB9D023F9455012A168D,
				F526EB9E023F9455012A168D,
				F5144DEF023F54A9012A168D,
				F5144DF0023F54A9012A168D,
				F5144DF1023F54A9012A168D,
				F5144DF2023F54A9012A168D,
				F5144DF3023F54A9012A168D,
				B570CC0B04D46EA000A80001,
				B570CC0C04D46EA000A80001,
				F526EB9F023F9455012A168D,
				F526EBA0023F9455012A168D,
				F5144DF4023F54A9012A168D,
				F5144DF5023F54A9012A168D,
				F5144DEB023F54A9012A168D,
				F5144EF2023F633F012A168D,
				F5144DED023F54A9012A168D,
				F5144DEE023F54A9012A168D,
			);
			isa = PBXGroup;
			path = network;
			refType = 4;
		};
		F5144DE5023F54A9012A168D = {
			fileEncoding = 30;
			isa = PBXFileReference;
			path = ie.cpp;
			refType = 4;
		};
		F5144DE6023F54A9012A168D = {
			fileEncoding = 30;
			isa = PBXFileReference;
			path = l2_demo.cpp;
			refType = 4;
		};
		F5144DE7023F54A9012A168D = {
			fileEncoding = 30;
			isa = PBXFileReference;
			path = l3_demo.cpp;
			refType = 4;
		};
		F5144DE8023F54A9012A168D = {
			isa = PBXFileReference;
			path = Makefile.in;
			refType = 4;
		};
		F5144DE9023F54A9012A168D = {
			fileEncoding = 30;
			isa = PBXFileReference;
			path = nConfig.cpp;
			refType = 4;
		};
		F5144DEA023F54A9012A168D = {
			fileEncoding = 30;
			isa = PBXFileReference;
			path = nConfig.h;
			refType = 4;
		};
		F5144DEB023F54A9012A168D = {
			fileEncoding = 30;
			isa = PBXFileReference;
			path = net_udp.cpp;
			refType = 4;
		};
		F5144DED023F54A9012A168D = {
			fileEncoding = 30;
			isa = PBXFileReference;
			path = nettest.cpp;
			refType = 4;
		};
		F5144DEE023F54A9012A168D = {
			fileEncoding = 30;
			isa = PBXFileReference;
			path = nettest_main.cpp;
			refType = 4;
		};
		F5144DEF023F54A9012A168D = {
			fileEncoding = 30;
			isa = PBXFileReference;
			path = nNet.h;
			refType = 4;
		};
		F5144DF0023F54A9012A168D = {
			fileEncoding = 30;
			isa = PBXFileReference;
			path = nNetObject.cpp;
			refType = 4;
		};
		F5144DF1023F54A9012A168D = {
			fileEncoding = 30;
			isa = PBXFileReference;
			path = nNetObject.h;
			refType = 4;
		};
		F5144DF2023F54A9012A168D = {
			fileEncoding = 30;
			isa = PBXFileReference;
			path = nNetwork.cpp;
			refType = 4;
		};
		F5144DF3023F54A9012A168D = {
			fileEncoding = 30;
			isa = PBXFileReference;
			path = nNetwork.h;
			refType = 4;
		};
		F5144DF4023F54A9012A168D = {
			fileEncoding = 30;
			isa = PBXFileReference;
			path = nSimulatePing.h;
			refType = 4;
		};
		F5144DF5023F54A9012A168D = {
			fileEncoding = 30;
			isa = PBXFileReference;
			path = nSysdep.cpp;
			refType = 4;
		};
		F5144DF6023F54A9012A168D = {
			fileEncoding = 30;
			isa = PBXFileReference;
			path = prototype.cpp;
			refType = 4;
		};
		F5144DF7023F54A9012A168D = {
			fileEncoding = 30;
			isa = PBXFileReference;
			path = prototype.h;
			refType = 4;
		};
		F5144DF8023F54A9012A168D = {
			children = (
				F5144DF9023F54A9012A168D,
				F5144DFA023F54A9012A168D,
				F5144DFB023F54A9012A168D,
				F5144DFC023F54A9012A168D,
				F5144DFD023F54A9012A168D,
				F5144DFE023F54A9012A168D,
				F5144DFF023F54A9012A168D,
				F5144E00023F54A9012A168D,
				F5144E01023F54A9012A168D,
				F5144E02023F54A9012A168D,
				F5144E03023F54A9012A168D,
				F5144E04023F54A9012A168D,
				F5144E05023F54A9012A168D,
				F5144E06023F54A9012A168D,
				F5144E07023F54A9012A168D,
				F5144E08023F54A9012A168D,
				F5144E09023F54A9012A168D,
				F5144E0A023F54A9012A168D,
				F5144E0B023F54A9012A168D,
				F5144E0C023F54A9012A168D,
				F5144E0D023F54A9012A168D,
				F5144E0E023F54A9012A168D,
				F5144E0F023F54A9012A168D,
				F5144E10023F54A9012A168D,
			);
			isa = PBXGroup;
			path = render;
			refType = 4;
		};
		F5144DF9023F54A9012A168D = {
			fileEncoding = 30;
			isa = PBXFileReference;
			path = .cvsignore;
			refType = 4;
		};
		F5144DFA023F54A9012A168D = {
			isa = PBXFileReference;
			path = Makefile.in;
			refType = 4;
		};
		F5144DFB023F54A9012A168D = {
			fileEncoding = 30;
			isa = PBXFileReference;
			path = rConsole.cpp;
			refType = 4;
		};
		F5144DFC023F54A9012A168D = {
			fileEncoding = 30;
			isa = PBXFileReference;
			path = rConsole.h;
			refType = 4;
		};
		F5144DFD023F54A9012A168D = {
			fileEncoding = 30;
			isa = PBXFileReference;
			path = rConsoleCout.cpp;
			refType = 4;
		};
		F5144DFE023F54A9012A168D = {
			fileEncoding = 30;
			isa = PBXFileReference;
			path = rConsoleGraph.cpp;
			refType = 4;
		};
		F5144DFF023F54A9012A168D = {
			fileEncoding = 30;
			isa = PBXFileReference;
			path = rFont.cpp;
			refType = 4;
		};
		F5144E00023F54A9012A168D = {
			fileEncoding = 30;
			isa = PBXFileReference;
			path = rFont.h;
			refType = 4;
		};
		F5144E01023F54A9012A168D = {
			fileEncoding = 30;
			isa = PBXFileReference;
			path = rGL.h;
			refType = 4;
		};
		F5144E02023F54A9012A168D = {
			fileEncoding = 30;
			isa = PBXFileReference;
			path = rGLRender.cpp;
			refType = 4;
		};
		F5144E03023F54A9012A168D = {
			fileEncoding = 30;
			isa = PBXFileReference;
			path = rModel.cpp;
			refType = 4;
		};
		F5144E04023F54A9012A168D = {
			fileEncoding = 30;
			isa = PBXFileReference;
			path = rModel.h;
			refType = 4;
		};
		F5144E05023F54A9012A168D = {
			fileEncoding = 30;
			isa = PBXFileReference;
			path = rRender.cpp;
			refType = 4;
		};
		F5144E06023F54A9012A168D = {
			fileEncoding = 30;
			isa = PBXFileReference;
			path = rRender.h;
			refType = 4;
		};
		F5144E07023F54A9012A168D = {
			fileEncoding = 30;
			isa = PBXFileReference;
			path = rScreen.cpp;
			refType = 4;
		};
		F5144E08023F54A9012A168D = {
			fileEncoding = 30;
			isa = PBXFileReference;
			path = rScreen.h;
			refType = 4;
		};
		F5144E09023F54A9012A168D = {
			fileEncoding = 30;
			isa = PBXFileReference;
			path = rSDL.h;
			refType = 4;
		};
		F5144E0A023F54A9012A168D = {
			fileEncoding = 30;
			isa = PBXFileReference;
			path = rSysdep.cpp;
			refType = 4;
		};
		F5144E0B023F54A9012A168D = {
			fileEncoding = 30;
			isa = PBXFileReference;
			path = rSysdep.h;
			refType = 4;
		};
		F5144E0C023F54A9012A168D = {
			fileEncoding = 30;
			isa = PBXFileReference;
			path = rTexture.cpp;
			refType = 4;
		};
		F5144E0D023F54A9012A168D = {
			fileEncoding = 30;
			isa = PBXFileReference;
			path = rTexture.h;
			refType = 4;
		};
		F5144E0E023F54A9012A168D = {
			fileEncoding = 30;
			isa = PBXFileReference;
			path = rViewport.cpp;
			refType = 4;
		};
		F5144E0F023F54A9012A168D = {
			fileEncoding = 30;
			isa = PBXFileReference;
			path = rViewport.h;
			refType = 4;
		};
		F5144E10023F54A9012A168D = {
			fileEncoding = 30;
			isa = PBXFileReference;
			path = testgl.cpp;
			refType = 4;
		};
		F5144E11023F54A9012A168D = {
			children = (
				F5144E12023F54A9012A168D,
				F5144E13023F54A9012A168D,
				F5144E14023F54A9012A168D,
				F5144E15023F54A9012A168D,
				F5144E16023F54A9012A168D,
				F5144E17023F54A9012A168D,
				F5144E18023F54A9012A168D,
				F5144E19023F54A9012A168D,
				F5144E1A023F54A9012A168D,
				F5144E1B023F54A9012A168D,
				F5144E1C023F54A9012A168D,
				F5144E1D023F54A9012A168D,
				F5144E1E023F54A9012A168D,
				F5C435D0026CAA31012A168D,
				F5C435D6026CAA50012A168D,
				F5144E1F023F54A9012A168D,
				F5144E20023F54A9012A168D,
				F5144E21023F54A9012A168D,
				F5144E22023F54A9012A168D,
				F5144E23023F54A9012A168D,
				F5144E24023F54A9012A168D,
				F5144E25023F54A9012A168D,
				F5144E26023F54A9012A168D,
				B53C029B03B07C67003C4C3A,
				F5144E27023F54A9012A168D,
				F5C435D1026CAA31012A168D,
				F5C435D2026CAA31012A168D,
				F5144E28023F54A9012A168D,
				F5144E29023F54A9012A168D,
				B53C029703B07C1D003C4C3A,
				B53C029803B07C1D003C4C3A,
				F5144E2A023F54A9012A168D,
				F5144E2B023F54A9012A168D,
				F5144E2C023F54A9012A168D,
				F5144E2D023F54A9012A168D,
				F5144E2E023F54A9012A168D,
				F5144E2F023F54A9012A168D,
				F5144E30023F54A9012A168D,
				F5144E31023F54A9012A168D,
				F5144E32023F54A9012A168D,
				F5144E33023F54A9012A168D,
				F5144E34023F54A9012A168D,
				F5144E35023F54A9012A168D,
			);
			isa = PBXGroup;
			path = tools;
			refType = 4;
		};
		F5144E12023F54A9012A168D = {
			isa = PBXFileReference;
			path = Makefile.in;
			refType = 4;
		};
		F5144E13023F54A9012A168D = {
			fileEncoding = 30;
			isa = PBXFileReference;
			path = memtest.cpp;
			refType = 4;
		};
		F5144E14023F54A9012A168D = {
			fileEncoding = 30;
			isa = PBXFileReference;
			path = tArray.cpp;
			refType = 4;
		};
		F5144E15023F54A9012A168D = {
			fileEncoding = 30;
			isa = PBXFileReference;
			path = tArray.h;
			refType = 4;
		};
		F5144E16023F54A9012A168D = {
			fileEncoding = 30;
			isa = PBXFileReference;
			path = tCallback.cpp;
			refType = 4;
		};
		F5144E17023F54A9012A168D = {
			fileEncoding = 30;
			isa = PBXFileReference;
			path = tCallback.h;
			refType = 4;
		};
		F5144E18023F54A9012A168D = {
			fileEncoding = 30;
			isa = PBXFileReference;
			path = tCallbackString.h;
			refType = 4;
		};
		F5144E19023F54A9012A168D = {
			fileEncoding = 30;
			isa = PBXFileReference;
			path = tConfiguration.cpp;
			refType = 4;
		};
		F5144E1A023F54A9012A168D = {
			fileEncoding = 30;
			isa = PBXFileReference;
			path = tConfiguration.h;
			refType = 4;
		};
		F5144E1B023F54A9012A168D = {
			fileEncoding = 30;
			isa = PBXFileReference;
			path = tConsole.cpp;
			refType = 4;
		};
		F5144E1C023F54A9012A168D = {
			fileEncoding = 30;
			isa = PBXFileReference;
			path = tConsole.h;
			refType = 4;
		};
		F5144E1D023F54A9012A168D = {
			fileEncoding = 30;
			isa = PBXFileReference;
			path = tCrypt.cpp;
			refType = 4;
		};
		F5144E1E023F54A9012A168D = {
			fileEncoding = 30;
			isa = PBXFileReference;
			path = tCrypt.h;
			refType = 4;
		};
		F5144E1F023F54A9012A168D = {
			fileEncoding = 30;
			isa = PBXFileReference;
			path = tError.cpp;
			refType = 4;
		};
		F5144E20023F54A9012A168D = {
			fileEncoding = 30;
			isa = PBXFileReference;
			path = tError.h;
			refType = 4;
		};
		F5144E21023F54A9012A168D = {
			fileEncoding = 30;
			isa = PBXFileReference;
			path = tEventQueue.cpp;
			refType = 4;
		};
		F5144E22023F54A9012A168D = {
			fileEncoding = 30;
			isa = PBXFileReference;
			path = tEventQueue.h;
			refType = 4;
		};
		F5144E23023F54A9012A168D = {
			fileEncoding = 30;
			isa = PBXFileReference;
			path = tHeap.cpp;
			refType = 4;
		};
		F5144E24023F54A9012A168D = {
			fileEncoding = 30;
			isa = PBXFileReference;
			path = tHeap.h;
			refType = 4;
		};
		F5144E25023F54A9012A168D = {
			fileEncoding = 30;
			isa = PBXFileReference;
			path = tInitExit.h;
			refType = 4;
		};
		F5144E26023F54A9012A168D = {
			fileEncoding = 30;
			isa = PBXFileReference;
			path = tLinkedList.h;
			refType = 4;
		};
		F5144E27023F54A9012A168D = {
			fileEncoding = 30;
			isa = PBXFileReference;
			path = tList.h;
			refType = 4;
		};
		F5144E28023F54A9012A168D = {
			fileEncoding = 30;
			isa = PBXFileReference;
			path = tMemManager.cpp;
			refType = 4;
		};
		F5144E29023F54A9012A168D = {
			fileEncoding = 30;
			isa = PBXFileReference;
			path = tMemManager.h;
			refType = 4;
		};
		F5144E2A023F54A9012A168D = {
			fileEncoding = 30;
			isa = PBXFileReference;
			path = transfab.cpp;
			refType = 4;
		};
		F5144E2B023F54A9012A168D = {
			fileEncoding = 30;
			isa = PBXFileReference;
			path = tRing.cpp;
			refType = 4;
		};
		F5144E2C023F54A9012A168D = {
			fileEncoding = 30;
			isa = PBXFileReference;
			path = tRing.h;
			refType = 4;
		};
		F5144E2D023F54A9012A168D = {
			fileEncoding = 30;
			isa = PBXFileReference;
			path = tSafePTR.cpp;
			refType = 4;
		};
		F5144E2E023F54A9012A168D = {
			fileEncoding = 30;
			isa = PBXFileReference;
			path = tSafePTR.h;
			refType = 4;
		};
		F5144E2F023F54A9012A168D = {
			fileEncoding = 30;
			isa = PBXFileReference;
			path = tSafePTRBase.cpp;
			refType = 4;
		};
		F5144E30023F54A9012A168D = {
			fileEncoding = 30;
			isa = PBXFileReference;
			path = tString.cpp;
			refType = 4;
		};
		F5144E31023F54A9012A168D = {
			fileEncoding = 30;
			isa = PBXFileReference;
			path = tString.h;
			refType = 4;
		};
		F5144E32023F54A9012A168D = {
			fileEncoding = 30;
			isa = PBXFileReference;
			path = tSysTime.cpp;
			refType = 4;
		};
		F5144E33023F54A9012A168D = {
			fileEncoding = 30;
			isa = PBXFileReference;
			path = tSysTime.h;
			refType = 4;
		};
		F5144E34023F54A9012A168D = {
			fileEncoding = 30;
			isa = PBXFileReference;
			path = tToDo.cpp;
			refType = 4;
		};
		F5144E35023F54A9012A168D = {
			fileEncoding = 30;
			isa = PBXFileReference;
			path = tToDo.h;
			refType = 4;
		};
		F5144E36023F54A9012A168D = {
			children = (
				F5144E4F023F54A9012A168D,
				F5144E37023F54A9012A168D,
				F5144E38023F54A9012A168D,
				F526EBB8023F94E0012A168D,
				F526EBB9023F94E0012A168D,
				F5144E39023F54A9012A168D,
				F5144E3A023F54A9012A168D,
				F5144E3B023F54A9012A168D,
				F5144E3C023F54A9012A168D,
				F5144E3D023F54A9012A168D,
				F5144E3E023F54A9012A168D,
				F5144E3F023F54A9012A168D,
				F5144E40023F54A9012A168D,
				F5144E41023F54A9012A168D,
				F5144E42023F54A9012A168D,
				F5144E43023F54A9012A168D,
				F5144E44023F54A9012A168D,
				F526EBBA023F94E0012A168D,
				F526EBBB023F94E0012A168D,
				F526EBBC023F94E0012A168D,
				F526EBBD023F94E0012A168D,
				F5144E45023F54A9012A168D,
				F5144E46023F54A9012A168D,
				F5144E47023F54A9012A168D,
				F5144E48023F54A9012A168D,
				F526EBBE023F94E0012A168D,
				F526EBBF023F94E0012A168D,
				F5144E49023F54A9012A168D,
				F5144E4A023F54A9012A168D,
				F526EBC0023F94E0012A168D,
				F526EBC1023F94E0012A168D,
				F5144E4B023F54A9012A168D,
				F5144E4C023F54A9012A168D,
				F526EBC2023F94E0012A168D,
				F526EBC3023F94E0012A168D,
				F5144E4D023F54A9012A168D,
				F5144E4E023F54A9012A168D,
				B570CC1304D46F1000A80001,
				B570CC1404D46F1000A80001,
			);
			isa = PBXGroup;
			path = tron;
			refType = 4;
		};
		F5144E37023F54A9012A168D = {
			fileEncoding = 30;
			isa = PBXFileReference;
			path = gAIBase.cpp;
			refType = 4;
		};
		F5144E38023F54A9012A168D = {
			fileEncoding = 30;
			isa = PBXFileReference;
			path = gAIBase.h;
			refType = 4;
		};
		F5144E39023F54A9012A168D = {
			fileEncoding = 30;
			isa = PBXFileReference;
			path = gArena.cpp;
			refType = 4;
		};
		F5144E3A023F54A9012A168D = {
			fileEncoding = 30;
			isa = PBXFileReference;
			path = gArena.h;
			refType = 4;
		};
		F5144E3B023F54A9012A168D = {
			fileEncoding = 30;
			isa = PBXFileReference;
			path = gArmagetron.cpp;
			refType = 4;
		};
		F5144E3C023F54A9012A168D = {
			fileEncoding = 30;
			isa = PBXFileReference;
			path = gCamera.cpp;
			refType = 4;
		};
		F5144E3D023F54A9012A168D = {
			fileEncoding = 30;
			isa = PBXFileReference;
			path = gCamera.h;
			refType = 4;
		};
		F5144E3E023F54A9012A168D = {
			fileEncoding = 30;
			isa = PBXFileReference;
			path = gCycle.cpp;
			refType = 4;
		};
		F5144E3F023F54A9012A168D = {
			fileEncoding = 30;
			isa = PBXFileReference;
			path = gCycle.h;
			refType = 4;
		};
		F5144E40023F54A9012A168D = {
			fileEncoding = 30;
			isa = PBXFileReference;
			path = gExplosion.cpp;
			refType = 4;
		};
		F5144E41023F54A9012A168D = {
			fileEncoding = 30;
			isa = PBXFileReference;
			path = gExplosion.h;
			refType = 4;
		};
		F5144E42023F54A9012A168D = {
			fileEncoding = 30;
			isa = PBXFileReference;
			path = gFloor.cpp;
			refType = 4;
		};
		F5144E43023F54A9012A168D = {
			fileEncoding = 30;
			isa = PBXFileReference;
			path = gGame.cpp;
			refType = 4;
		};
		F5144E44023F54A9012A168D = {
			fileEncoding = 30;
			isa = PBXFileReference;
			path = gGame.h;
			refType = 4;
		};
		F5144E45023F54A9012A168D = {
			fileEncoding = 30;
			isa = PBXFileReference;
			path = gMenus.cpp;
			refType = 4;
		};
		F5144E46023F54A9012A168D = {
			fileEncoding = 30;
			isa = PBXFileReference;
			path = gMenus.h;
			refType = 4;
		};
		F5144E47023F54A9012A168D = {
			fileEncoding = 30;
			isa = PBXFileReference;
			path = gSensor.cpp;
			refType = 4;
		};
		F5144E48023F54A9012A168D = {
			fileEncoding = 30;
			isa = PBXFileReference;
			path = gSensor.h;
			refType = 4;
		};
		F5144E49023F54A9012A168D = {
			fileEncoding = 30;
			isa = PBXFileReference;
			path = gSparks.cpp;
			refType = 4;
		};
		F5144E4A023F54A9012A168D = {
			fileEncoding = 30;
			isa = PBXFileReference;
			path = gSparks.h;
			refType = 4;
		};
		F5144E4B023F54A9012A168D = {
			fileEncoding = 30;
			isa = PBXFileReference;
			path = gStuff.cpp;
			refType = 4;
		};
		F5144E4C023F54A9012A168D = {
			fileEncoding = 30;
			isa = PBXFileReference;
			path = gStuff.h;
			refType = 4;
		};
		F5144E4D023F54A9012A168D = {
			fileEncoding = 30;
			isa = PBXFileReference;
			path = gWall.cpp;
			refType = 4;
		};
		F5144E4E023F54A9012A168D = {
			fileEncoding = 30;
			isa = PBXFileReference;
			path = gWall.h;
			refType = 4;
		};
		F5144E4F023F54A9012A168D = {
			isa = PBXFileReference;
			path = Makefile.in;
			refType = 4;
		};
		F5144E51023F54A9012A168D = {
			children = (
				F5144E52023F54A9012A168D,
				F5144E53023F54A9012A168D,
				F5144E54023F54A9012A168D,
				F5144E55023F54A9012A168D,
				F5144E56023F54A9012A168D,
				F5144E57023F54A9012A168D,
				F5144E58023F54A9012A168D,
			);
			isa = PBXGroup;
			path = ui;
			refType = 4;
		};
		F5144E52023F54A9012A168D = {
			isa = PBXFileReference;
			path = Makefile.in;
			refType = 4;
		};
		F5144E53023F54A9012A168D = {
			fileEncoding = 30;
			isa = PBXFileReference;
			path = uInput.cpp;
			refType = 4;
		};
		F5144E54023F54A9012A168D = {
			fileEncoding = 30;
			isa = PBXFileReference;
			path = uInput.h;
			refType = 4;
		};
		F5144E55023F54A9012A168D = {
			fileEncoding = 30;
			isa = PBXFileReference;
			path = uInputQueue.cpp;
			refType = 4;
		};
		F5144E56023F54A9012A168D = {
			fileEncoding = 30;
			isa = PBXFileReference;
			path = uInputQueue.h;
			refType = 4;
		};
		F5144E57023F54A9012A168D = {
			fileEncoding = 30;
			isa = PBXFileReference;
			path = uMenu.cpp;
			refType = 4;
		};
		F5144E58023F54A9012A168D = {
			fileEncoding = 30;
			isa = PBXFileReference;
			path = uMenu.h;
			refType = 4;
		};
		F5144E5F023F54A9012A168D = {
			fileRef = F5144DBE023F54A9012A168D;
			isa = PBXBuildFile;
			settings = {
			};
		};
		F5144E60023F54A9012A168D = {
			fileRef = F5144DC1023F54A9012A168D;
			isa = PBXBuildFile;
			settings = {
			};
		};
		F5144E61023F54A9012A168D = {
			fileRef = F5144DC3023F54A9012A168D;
			isa = PBXBuildFile;
			settings = {
			};
		};
		F5144E62023F54A9012A168D = {
			fileRef = F5144DC4023F54A9012A168D;
			isa = PBXBuildFile;
			settings = {
			};
		};
		F5144E63023F54A9012A168D = {
			fileRef = F5144DC7023F54A9012A168D;
			isa = PBXBuildFile;
			settings = {
			};
		};
		F5144E64023F54A9012A168D = {
			fileRef = F5144DC9023F54A9012A168D;
			isa = PBXBuildFile;
			settings = {
			};
		};
		F5144E65023F54A9012A168D = {
			fileRef = F5144DCB023F54A9012A168D;
			isa = PBXBuildFile;
			settings = {
			};
		};
		F5144E66023F54A9012A168D = {
			fileRef = F5144DCE023F54A9012A168D;
			isa = PBXBuildFile;
			settings = {
			};
		};
		F5144E67023F54A9012A168D = {
			fileRef = F5144DD0023F54A9012A168D;
			isa = PBXBuildFile;
			settings = {
			};
		};
		F5144E68023F54A9012A168D = {
			fileRef = F5144DD2023F54A9012A168D;
			isa = PBXBuildFile;
			settings = {
			};
		};
		F5144E69023F54A9012A168D = {
			fileRef = F5144DD4023F54A9012A168D;
			isa = PBXBuildFile;
			settings = {
			};
		};
		F5144E6C023F54A9012A168D = {
			fileRef = F5144DD9023F54A9012A168D;
			isa = PBXBuildFile;
			settings = {
			};
		};
		F5144E6E023F54A9012A168D = {
			fileRef = F5144DDD023F54A9012A168D;
			isa = PBXBuildFile;
			settings = {
			};
		};
		F5144E6F023F54A9012A168D = {
			fileRef = F5144DDF023F54A9012A168D;
			isa = PBXBuildFile;
			settings = {
			};
		};
		F5144E70023F54A9012A168D = {
			fileRef = F5144DEA023F54A9012A168D;
			isa = PBXBuildFile;
			settings = {
			};
		};
		F5144E71023F54A9012A168D = {
			fileRef = F5144DEF023F54A9012A168D;
			isa = PBXBuildFile;
			settings = {
			};
		};
		F5144E72023F54A9012A168D = {
			fileRef = F5144DF1023F54A9012A168D;
			isa = PBXBuildFile;
			settings = {
			};
		};
		F5144E73023F54A9012A168D = {
			fileRef = F5144DF3023F54A9012A168D;
			isa = PBXBuildFile;
			settings = {
			};
		};
		F5144E74023F54A9012A168D = {
			fileRef = F5144DF4023F54A9012A168D;
			isa = PBXBuildFile;
			settings = {
			};
		};
		F5144E75023F54A9012A168D = {
			fileRef = F5144DF7023F54A9012A168D;
			isa = PBXBuildFile;
			settings = {
			};
		};
		F5144E76023F54A9012A168D = {
			fileRef = F5144DFC023F54A9012A168D;
			isa = PBXBuildFile;
			settings = {
			};
		};
		F5144E77023F54A9012A168D = {
			fileRef = F5144E00023F54A9012A168D;
			isa = PBXBuildFile;
			settings = {
			};
		};
		F5144E78023F54A9012A168D = {
			fileRef = F5144E01023F54A9012A168D;
			isa = PBXBuildFile;
			settings = {
			};
		};
		F5144E79023F54A9012A168D = {
			fileRef = F5144E04023F54A9012A168D;
			isa = PBXBuildFile;
			settings = {
			};
		};
		F5144E7A023F54A9012A168D = {
			fileRef = F5144E06023F54A9012A168D;
			isa = PBXBuildFile;
			settings = {
			};
		};
		F5144E7B023F54A9012A168D = {
			fileRef = F5144E08023F54A9012A168D;
			isa = PBXBuildFile;
			settings = {
			};
		};
		F5144E7C023F54A9012A168D = {
			fileRef = F5144E09023F54A9012A168D;
			isa = PBXBuildFile;
			settings = {
			};
		};
		F5144E7D023F54A9012A168D = {
			fileRef = F5144E0B023F54A9012A168D;
			isa = PBXBuildFile;
			settings = {
			};
		};
		F5144E7E023F54A9012A168D = {
			fileRef = F5144E0D023F54A9012A168D;
			isa = PBXBuildFile;
			settings = {
			};
		};
		F5144E7F023F54A9012A168D = {
			fileRef = F5144E0F023F54A9012A168D;
			isa = PBXBuildFile;
			settings = {
			};
		};
		F5144E80023F54A9012A168D = {
			fileRef = F5144E15023F54A9012A168D;
			isa = PBXBuildFile;
			settings = {
			};
		};
		F5144E81023F54A9012A168D = {
			fileRef = F5144E17023F54A9012A168D;
			isa = PBXBuildFile;
			settings = {
			};
		};
		F5144E82023F54A9012A168D = {
			fileRef = F5144E18023F54A9012A168D;
			isa = PBXBuildFile;
			settings = {
			};
		};
		F5144E83023F54A9012A168D = {
			fileRef = F5144E1A023F54A9012A168D;
			isa = PBXBuildFile;
			settings = {
			};
		};
		F5144E84023F54A9012A168D = {
			fileRef = F5144E1C023F54A9012A168D;
			isa = PBXBuildFile;
			settings = {
			};
		};
		F5144E85023F54A9012A168D = {
			fileRef = F5144E1E023F54A9012A168D;
			isa = PBXBuildFile;
			settings = {
			};
		};
		F5144E86023F54A9012A168D = {
			fileRef = F5144E20023F54A9012A168D;
			isa = PBXBuildFile;
			settings = {
			};
		};
		F5144E87023F54A9012A168D = {
			fileRef = F5144E22023F54A9012A168D;
			isa = PBXBuildFile;
			settings = {
			};
		};
		F5144E88023F54A9012A168D = {
			fileRef = F5144E24023F54A9012A168D;
			isa = PBXBuildFile;
			settings = {
			};
		};
		F5144E89023F54A9012A168D = {
			fileRef = F5144E25023F54A9012A168D;
			isa = PBXBuildFile;
			settings = {
			};
		};
		F5144E8A023F54A9012A168D = {
			fileRef = F5144E26023F54A9012A168D;
			isa = PBXBuildFile;
			settings = {
			};
		};
		F5144E8B023F54A9012A168D = {
			fileRef = F5144E27023F54A9012A168D;
			isa = PBXBuildFile;
			settings = {
			};
		};
		F5144E8C023F54A9012A168D = {
			fileRef = F5144E29023F54A9012A168D;
			isa = PBXBuildFile;
			settings = {
			};
		};
		F5144E8D023F54A9012A168D = {
			fileRef = F5144E2C023F54A9012A168D;
			isa = PBXBuildFile;
			settings = {
			};
		};
		F5144E8E023F54A9012A168D = {
			fileRef = F5144E2E023F54A9012A168D;
			isa = PBXBuildFile;
			settings = {
			};
		};
		F5144E8F023F54A9012A168D = {
			fileRef = F5144E31023F54A9012A168D;
			isa = PBXBuildFile;
			settings = {
			};
		};
		F5144E90023F54A9012A168D = {
			fileRef = F5144E33023F54A9012A168D;
			isa = PBXBuildFile;
			settings = {
			};
		};
		F5144E91023F54A9012A168D = {
			fileRef = F5144E35023F54A9012A168D;
			isa = PBXBuildFile;
			settings = {
			};
		};
		F5144E92023F54A9012A168D = {
			fileRef = F5144E38023F54A9012A168D;
			isa = PBXBuildFile;
			settings = {
			};
		};
		F5144E93023F54A9012A168D = {
			fileRef = F5144E3A023F54A9012A168D;
			isa = PBXBuildFile;
			settings = {
			};
		};
		F5144E94023F54A9012A168D = {
			fileRef = F5144E3D023F54A9012A168D;
			isa = PBXBuildFile;
			settings = {
			};
		};
		F5144E95023F54A9012A168D = {
			fileRef = F5144E3F023F54A9012A168D;
			isa = PBXBuildFile;
			settings = {
			};
		};
		F5144E96023F54A9012A168D = {
			fileRef = F5144E41023F54A9012A168D;
			isa = PBXBuildFile;
			settings = {
			};
		};
		F5144E97023F54A9012A168D = {
			fileRef = F5144E44023F54A9012A168D;
			isa = PBXBuildFile;
			settings = {
			};
		};
		F5144E98023F54A9012A168D = {
			fileRef = F5144E46023F54A9012A168D;
			isa = PBXBuildFile;
			settings = {
			};
		};
		F5144E99023F54A9012A168D = {
			fileRef = F5144E48023F54A9012A168D;
			isa = PBXBuildFile;
			settings = {
			};
		};
		F5144E9A023F54A9012A168D = {
			fileRef = F5144E4A023F54A9012A168D;
			isa = PBXBuildFile;
			settings = {
			};
		};
		F5144E9B023F54A9012A168D = {
			fileRef = F5144E4C023F54A9012A168D;
			isa = PBXBuildFile;
			settings = {
			};
		};
		F5144E9C023F54A9012A168D = {
			fileRef = F5144E4E023F54A9012A168D;
			isa = PBXBuildFile;
			settings = {
			};
		};
		F5144E9D023F54A9012A168D = {
			fileRef = F5144E54023F54A9012A168D;
			isa = PBXBuildFile;
			settings = {
			};
		};
		F5144E9E023F54A9012A168D = {
			fileRef = F5144E56023F54A9012A168D;
			isa = PBXBuildFile;
			settings = {
			};
		};
		F5144E9F023F54A9012A168D = {
			fileRef = F5144E58023F54A9012A168D;
			isa = PBXBuildFile;
			settings = {
			};
		};
		F5144EA0023F54A9012A168D = {
			fileRef = F5144DC0023F54A9012A168D;
			isa = PBXBuildFile;
			settings = {
			};
		};
		F5144EA1023F54A9012A168D = {
			fileRef = F5144DC2023F54A9012A168D;
			isa = PBXBuildFile;
			settings = {
			};
		};
		F5144EA2023F54A9012A168D = {
			fileRef = F5144DC5023F54A9012A168D;
			isa = PBXBuildFile;
			settings = {
			};
		};
		F5144EA3023F54A9012A168D = {
			fileRef = F5144DC6023F54A9012A168D;
			isa = PBXBuildFile;
			settings = {
			};
		};
		F5144EA4023F54A9012A168D = {
			fileRef = F5144DC8023F54A9012A168D;
			isa = PBXBuildFile;
			settings = {
			};
		};
		F5144EA5023F54A9012A168D = {
			fileRef = F5144DCA023F54A9012A168D;
			isa = PBXBuildFile;
			settings = {
			};
		};
		F5144EA7023F54A9012A168D = {
			fileRef = F5144DCD023F54A9012A168D;
			isa = PBXBuildFile;
			settings = {
			};
		};
		F5144EA8023F54A9012A168D = {
			fileRef = F5144DCF023F54A9012A168D;
			isa = PBXBuildFile;
			settings = {
			};
		};
		F5144EA9023F54A9012A168D = {
			fileRef = F5144DD1023F54A9012A168D;
			isa = PBXBuildFile;
			settings = {
			};
		};
		F5144EAA023F54A9012A168D = {
			fileRef = F5144DD3023F54A9012A168D;
			isa = PBXBuildFile;
			settings = {
			};
		};
		F5144EAE023F54A9012A168D = {
			fileRef = F5144DDC023F54A9012A168D;
			isa = PBXBuildFile;
			settings = {
			};
		};
		F5144EAF023F54A9012A168D = {
			fileRef = F5144DDE023F54A9012A168D;
			isa = PBXBuildFile;
			settings = {
			};
		};
		F5144EB1023F54A9012A168D = {
			fileRef = F5144DE3023F54A9012A168D;
			isa = PBXBuildFile;
			settings = {
			};
		};
		F5144EB5023F54A9012A168D = {
			fileRef = F5144DE9023F54A9012A168D;
			isa = PBXBuildFile;
			settings = {
			};
		};
		F5144EB6023F54A9012A168D = {
			fileRef = F5144DEB023F54A9012A168D;
			isa = PBXBuildFile;
			settings = {
			};
		};
		F5144EBA023F54A9012A168D = {
			fileRef = F5144DF0023F54A9012A168D;
			isa = PBXBuildFile;
			settings = {
			};
		};
		F5144EBB023F54A9012A168D = {
			fileRef = F5144DF2023F54A9012A168D;
			isa = PBXBuildFile;
			settings = {
			};
		};
		F5144EBD023F54A9012A168D = {
			fileRef = F5144DF6023F54A9012A168D;
			isa = PBXBuildFile;
			settings = {
			};
		};
		F5144EBE023F54A9012A168D = {
			fileRef = F5144DFB023F54A9012A168D;
			isa = PBXBuildFile;
			settings = {
			};
		};
		F5144EC0023F54A9012A168D = {
			fileRef = F5144DFE023F54A9012A168D;
			isa = PBXBuildFile;
			settings = {
			};
		};
		F5144EC1023F54A9012A168D = {
			fileRef = F5144DFF023F54A9012A168D;
			isa = PBXBuildFile;
			settings = {
			};
		};
		F5144EC2023F54A9012A168D = {
			fileRef = F5144E02023F54A9012A168D;
			isa = PBXBuildFile;
			settings = {
			};
		};
		F5144EC3023F54A9012A168D = {
			fileRef = F5144E03023F54A9012A168D;
			isa = PBXBuildFile;
			settings = {
			};
		};
		F5144EC4023F54A9012A168D = {
			fileRef = F5144E05023F54A9012A168D;
			isa = PBXBuildFile;
			settings = {
			};
		};
		F5144EC5023F54A9012A168D = {
			fileRef = F5144E07023F54A9012A168D;
			isa = PBXBuildFile;
			settings = {
			};
		};
		F5144EC6023F54A9012A168D = {
			fileRef = F5144E0A023F54A9012A168D;
			isa = PBXBuildFile;
			settings = {
			};
		};
		F5144EC7023F54A9012A168D = {
			fileRef = F5144E0C023F54A9012A168D;
			isa = PBXBuildFile;
			settings = {
			};
		};
		F5144EC8023F54A9012A168D = {
			fileRef = F5144E0E023F54A9012A168D;
			isa = PBXBuildFile;
			settings = {
			};
		};
		F5144ECB023F54A9012A168D = {
			fileRef = F5144E14023F54A9012A168D;
			isa = PBXBuildFile;
			settings = {
			};
		};
		F5144ECC023F54A9012A168D = {
			fileRef = F5144E16023F54A9012A168D;
			isa = PBXBuildFile;
			settings = {
			};
		};
		F5144ECD023F54A9012A168D = {
			fileRef = F5144E19023F54A9012A168D;
			isa = PBXBuildFile;
			settings = {
			};
		};
		F5144ECE023F54A9012A168D = {
			fileRef = F5144E1B023F54A9012A168D;
			isa = PBXBuildFile;
			settings = {
			};
		};
		F5144ECF023F54A9012A168D = {
			fileRef = F5144E1D023F54A9012A168D;
			isa = PBXBuildFile;
			settings = {
			};
		};
		F5144ED0023F54A9012A168D = {
			fileRef = F5144E1F023F54A9012A168D;
			isa = PBXBuildFile;
			settings = {
			};
		};
		F5144ED1023F54A9012A168D = {
			fileRef = F5144E21023F54A9012A168D;
			isa = PBXBuildFile;
			settings = {
			};
		};
		F5144ED2023F54A9012A168D = {
			fileRef = F5144E23023F54A9012A168D;
			isa = PBXBuildFile;
			settings = {
			};
		};
		F5144ED3023F54A9012A168D = {
			fileRef = F5144E28023F54A9012A168D;
			isa = PBXBuildFile;
			settings = {
			};
		};
		F5144ED5023F54A9012A168D = {
			fileRef = F5144E2B023F54A9012A168D;
			isa = PBXBuildFile;
			settings = {
			};
		};
		F5144ED6023F54A9012A168D = {
			fileRef = F5144E2D023F54A9012A168D;
			isa = PBXBuildFile;
			settings = {
			};
		};
		F5144ED8023F54A9012A168D = {
			fileRef = F5144E30023F54A9012A168D;
			isa = PBXBuildFile;
			settings = {
			};
		};
		F5144ED9023F54A9012A168D = {
			fileRef = F5144E32023F54A9012A168D;
			isa = PBXBuildFile;
			settings = {
			};
		};
		F5144EDA023F54A9012A168D = {
			fileRef = F5144E34023F54A9012A168D;
			isa = PBXBuildFile;
			settings = {
			};
		};
		F5144EDB023F54A9012A168D = {
			fileRef = F5144E37023F54A9012A168D;
			isa = PBXBuildFile;
			settings = {
			};
		};
		F5144EDC023F54A9012A168D = {
			fileRef = F5144E39023F54A9012A168D;
			isa = PBXBuildFile;
			settings = {
			};
		};
		F5144EDD023F54A9012A168D = {
			fileRef = F5144E3B023F54A9012A168D;
			isa = PBXBuildFile;
			settings = {
			};
		};
		F5144EDE023F54A9012A168D = {
			fileRef = F5144E3C023F54A9012A168D;
			isa = PBXBuildFile;
			settings = {
			};
		};
		F5144EDF023F54A9012A168D = {
			fileRef = F5144E3E023F54A9012A168D;
			isa = PBXBuildFile;
			settings = {
			};
		};
		F5144EE0023F54A9012A168D = {
			fileRef = F5144E40023F54A9012A168D;
			isa = PBXBuildFile;
			settings = {
			};
		};
		F5144EE1023F54A9012A168D = {
			fileRef = F5144E42023F54A9012A168D;
			isa = PBXBuildFile;
			settings = {
			};
		};
		F5144EE2023F54A9012A168D = {
			fileRef = F5144E43023F54A9012A168D;
			isa = PBXBuildFile;
			settings = {
			};
		};
		F5144EE3023F54A9012A168D = {
			fileRef = F5144E45023F54A9012A168D;
			isa = PBXBuildFile;
			settings = {
			};
		};
		F5144EE4023F54A9012A168D = {
			fileRef = F5144E47023F54A9012A168D;
			isa = PBXBuildFile;
			settings = {
			};
		};
		F5144EE5023F54A9012A168D = {
			fileRef = F5144E49023F54A9012A168D;
			isa = PBXBuildFile;
			settings = {
			};
		};
		F5144EE6023F54A9012A168D = {
			fileRef = F5144E4B023F54A9012A168D;
			isa = PBXBuildFile;
			settings = {
			};
		};
		F5144EE7023F54A9012A168D = {
			fileRef = F5144E4D023F54A9012A168D;
			isa = PBXBuildFile;
			settings = {
			};
		};
		F5144EE8023F54A9012A168D = {
			fileRef = F5144E53023F54A9012A168D;
			isa = PBXBuildFile;
			settings = {
			};
		};
		F5144EE9023F54A9012A168D = {
			fileRef = F5144E55023F54A9012A168D;
			isa = PBXBuildFile;
			settings = {
			};
		};
		F5144EEA023F54A9012A168D = {
			fileRef = F5144E57023F54A9012A168D;
			isa = PBXBuildFile;
			settings = {
			};
		};
		F5144EED023F552D012A168D = {
			isa = PBXFrameworkReference;
			name = OpenGL.framework;
			path = /System/Library/Frameworks/OpenGL.framework;
			refType = 0;
		};
		F5144EEF023F552D012A168D = {
			fileRef = F5144EED023F552D012A168D;
			isa = PBXBuildFile;
			settings = {
			};
		};
		F5144EF0023F571A012A168D = {
			isa = PBXFrameworkReference;
			path = SDL_image.framework;
			refType = 4;
		};
		F5144EF1023F571B012A168D = {
			fileRef = F5144EF0023F571A012A168D;
			isa = PBXBuildFile;
			settings = {
			};
		};
		F5144EF2023F633F012A168D = {
			fileEncoding = 30;
			isa = PBXFileReference;
			path = net_wins.cpp;
			refType = 4;
		};
		F5144EF3023F64E9012A168D = {
			isa = PBXFrameworkReference;
			path = SDL.framework;
			refType = 4;
		};
		F5144EF4023F64E9012A168D = {
			fileRef = F5144EF3023F64E9012A168D;
			isa = PBXBuildFile;
			settings = {
			};
		};
		F5144EF5023F664C012A168D = {
			isa = PBXFrameworkReference;
			name = GLUT.framework;
			path = /System/Library/Frameworks/GLUT.framework;
			refType = 0;
		};
		F526EB8C023F9017012A168D = {
			isa = PBXFrameworkReference;
			path = SDL_mixer.framework;
			refType = 4;
		};
		F526EB8D023F9017012A168D = {
			fileRef = F526EB8C023F9017012A168D;
			isa = PBXBuildFile;
			settings = {
			};
		};
		F526EB8E023F9455012A168D = {
			fileEncoding = 30;
			isa = PBXFileReference;
			path = eAuthentification.cpp;
			refType = 4;
		};
		F526EB8F023F9455012A168D = {
			fileEncoding = 30;
			isa = PBXFileReference;
			path = eAuthentification.h;
			refType = 4;
		};
		F526EB90023F9455012A168D = {
			fileEncoding = 30;
			isa = PBXFileReference;
			path = eDebugLine.cpp;
			refType = 4;
		};
		F526EB91023F9455012A168D = {
			fileEncoding = 30;
			isa = PBXFileReference;
			path = eDebugLine.h;
			refType = 4;
		};
		F526EB92023F9455012A168D = {
			fileEncoding = 30;
			isa = PBXFileReference;
			path = eKrawall.cpp;
			refType = 4;
		};
		F526EB93023F9455012A168D = {
			fileEncoding = 30;
			isa = PBXFileReference;
			path = eKrawall.h;
			refType = 4;
		};
		F526EB94023F9455012A168D = {
			fileEncoding = 30;
			isa = PBXFileReference;
			path = ePath.cpp;
			refType = 4;
		};
		F526EB95023F9455012A168D = {
			fileEncoding = 30;
			isa = PBXFileReference;
			path = ePath.h;
			refType = 4;
		};
		F526EB96023F9455012A168D = {
			fileEncoding = 30;
			isa = PBXFileReference;
			path = eTeam.cpp;
			refType = 4;
		};
		F526EB97023F9455012A168D = {
			fileEncoding = 30;
			isa = PBXFileReference;
			path = eTeam.h;
			refType = 4;
		};
		F526EB98023F9455012A168D = {
			fileEncoding = 30;
			isa = PBXFileReference;
			path = master.cpp;
			refType = 4;
		};
		F526EB99023F9455012A168D = {
			fileEncoding = 30;
			isa = PBXFileReference;
			path = md5.cpp;
			refType = 4;
		};
		F526EB9A023F9455012A168D = {
			fileEncoding = 30;
			isa = PBXFileReference;
			path = nAuthentification.cpp;
			refType = 4;
		};
		F526EB9B023F9455012A168D = {
			fileEncoding = 30;
			isa = PBXFileReference;
			path = nAuthentification.h;
			refType = 4;
		};
		F526EB9C023F9455012A168D = {
			fileEncoding = 30;
			isa = PBXFileReference;
			path = nKrawall.cpp;
			refType = 4;
		};
		F526EB9D023F9455012A168D = {
			fileEncoding = 30;
			isa = PBXFileReference;
			path = nKrawall.h;
			refType = 4;
		};
		F526EB9E023F9455012A168D = {
			fileEncoding = 30;
			isa = PBXFileReference;
			path = nKrawallPrivate.cpp;
			refType = 4;
		};
		F526EB9F023F9455012A168D = {
			fileEncoding = 30;
			isa = PBXFileReference;
			path = nServerInfo.cpp;
			refType = 4;
		};
		F526EBA0023F9455012A168D = {
			fileEncoding = 30;
			isa = PBXFileReference;
			path = nServerInfo.h;
			refType = 4;
		};
		F526EBA1023F9455012A168D = {
			fileRef = F526EB8F023F9455012A168D;
			isa = PBXBuildFile;
			settings = {
			};
		};
		F526EBA2023F9455012A168D = {
			fileRef = F526EB91023F9455012A168D;
			isa = PBXBuildFile;
			settings = {
			};
		};
		F526EBA3023F9455012A168D = {
			fileRef = F526EB93023F9455012A168D;
			isa = PBXBuildFile;
			settings = {
			};
		};
		F526EBA4023F9455012A168D = {
			fileRef = F526EB95023F9455012A168D;
			isa = PBXBuildFile;
			settings = {
			};
		};
		F526EBA5023F9455012A168D = {
			fileRef = F526EB97023F9455012A168D;
			isa = PBXBuildFile;
			settings = {
			};
		};
		F526EBA6023F9455012A168D = {
			fileRef = F526EB9B023F9455012A168D;
			isa = PBXBuildFile;
			settings = {
			};
		};
		F526EBA7023F9455012A168D = {
			fileRef = F526EB9D023F9455012A168D;
			isa = PBXBuildFile;
			settings = {
			};
		};
		F526EBA8023F9455012A168D = {
			fileRef = F526EBA0023F9455012A168D;
			isa = PBXBuildFile;
			settings = {
			};
		};
		F526EBA9023F9455012A168D = {
			fileRef = F526EB8E023F9455012A168D;
			isa = PBXBuildFile;
			settings = {
			};
		};
		F526EBAA023F9455012A168D = {
			fileRef = F526EB90023F9455012A168D;
			isa = PBXBuildFile;
			settings = {
			};
		};
		F526EBAB023F9455012A168D = {
			fileRef = F526EB92023F9455012A168D;
			isa = PBXBuildFile;
			settings = {
			};
		};
		F526EBAC023F9455012A168D = {
			fileRef = F526EB94023F9455012A168D;
			isa = PBXBuildFile;
			settings = {
			};
		};
		F526EBAD023F9455012A168D = {
			fileRef = F526EB96023F9455012A168D;
			isa = PBXBuildFile;
			settings = {
			};
		};
		F526EBAF023F9455012A168D = {
			fileRef = F526EB99023F9455012A168D;
			isa = PBXBuildFile;
			settings = {
			};
		};
		F526EBB0023F9455012A168D = {
			fileRef = F526EB9A023F9455012A168D;
			isa = PBXBuildFile;
			settings = {
			};
		};
		F526EBB1023F9455012A168D = {
			fileRef = F526EB9C023F9455012A168D;
			isa = PBXBuildFile;
			settings = {
			};
		};
		F526EBB2023F9455012A168D = {
			fileRef = F526EB9E023F9455012A168D;
			isa = PBXBuildFile;
			settings = {
			};
		};
		F526EBB3023F9455012A168D = {
			fileRef = F526EB9F023F9455012A168D;
			isa = PBXBuildFile;
			settings = {
			};
		};
		F526EBB8023F94E0012A168D = {
			fileEncoding = 30;
			isa = PBXFileReference;
			path = gAICharacter.cpp;
			refType = 4;
		};
		F526EBB9023F94E0012A168D = {
			fileEncoding = 30;
			isa = PBXFileReference;
			path = gAICharacter.h;
			refType = 4;
		};
		F526EBBA023F94E0012A168D = {
			fileEncoding = 30;
			isa = PBXFileReference;
			path = gLanguageMenu.cpp;
			refType = 4;
		};
		F526EBBB023F94E0012A168D = {
			fileEncoding = 30;
			isa = PBXFileReference;
			path = gLanguageMenu.h;
			refType = 4;
		};
		F526EBBC023F94E0012A168D = {
			fileEncoding = 30;
			isa = PBXFileReference;
			path = gLogo.cpp;
			refType = 4;
		};
		F526EBBD023F94E0012A168D = {
			fileEncoding = 30;
			isa = PBXFileReference;
			path = gLogo.h;
			refType = 4;
		};
		F526EBBE023F94E0012A168D = {
			fileEncoding = 30;
			isa = PBXFileReference;
			path = gServerBrowser.cpp;
			refType = 4;
		};
		F526EBBF023F94E0012A168D = {
			fileEncoding = 30;
			isa = PBXFileReference;
			path = gServerBrowser.h;
			refType = 4;
		};
		F526EBC0023F94E0012A168D = {
			fileEncoding = 30;
			isa = PBXFileReference;
			path = gSpawn.cpp;
			refType = 4;
		};
		F526EBC1023F94E0012A168D = {
			fileEncoding = 30;
			isa = PBXFileReference;
			path = gSpawn.h;
			refType = 4;
		};
		F526EBC2023F94E0012A168D = {
			fileEncoding = 30;
			isa = PBXFileReference;
			path = gTeam.cpp;
			refType = 4;
		};
		F526EBC3023F94E0012A168D = {
			fileEncoding = 30;
			isa = PBXFileReference;
			path = gTeam.h;
			refType = 4;
		};
		F526EBC6023F94E0012A168D = {
			fileRef = F526EBB9023F94E0012A168D;
			isa = PBXBuildFile;
			settings = {
			};
		};
		F526EBC7023F94E0012A168D = {
			fileRef = F526EBBB023F94E0012A168D;
			isa = PBXBuildFile;
			settings = {
			};
		};
		F526EBC8023F94E0012A168D = {
			fileRef = F526EBBD023F94E0012A168D;
			isa = PBXBuildFile;
			settings = {
			};
		};
		F526EBC9023F94E0012A168D = {
			fileRef = F526EBBF023F94E0012A168D;
			isa = PBXBuildFile;
			settings = {
			};
		};
		F526EBCA023F94E0012A168D = {
			fileRef = F526EBC1023F94E0012A168D;
			isa = PBXBuildFile;
			settings = {
			};
		};
		F526EBCB023F94E0012A168D = {
			fileRef = F526EBC3023F94E0012A168D;
			isa = PBXBuildFile;
			settings = {
			};
		};
		F526EBCE023F94E0012A168D = {
			fileRef = F526EBB8023F94E0012A168D;
			isa = PBXBuildFile;
			settings = {
			};
		};
		F526EBCF023F94E0012A168D = {
			fileRef = F526EBBA023F94E0012A168D;
			isa = PBXBuildFile;
			settings = {
			};
		};
		F526EBD0023F94E0012A168D = {
			fileRef = F526EBBC023F94E0012A168D;
			isa = PBXBuildFile;
			settings = {
			};
		};
		F526EBD1023F94E0012A168D = {
			fileRef = F526EBBE023F94E0012A168D;
			isa = PBXBuildFile;
			settings = {
			};
		};
		F526EBD2023F94E0012A168D = {
			fileRef = F526EBC0023F94E0012A168D;
			isa = PBXBuildFile;
			settings = {
			};
		};
		F526EBD3023F94E0012A168D = {
			fileRef = F526EBC2023F94E0012A168D;
			isa = PBXBuildFile;
			settings = {
			};
		};
		F5C2C0A0026E3D01012A168D = {
			includeInIndex = 0;
			isa = PBXFolderReference;
			path = config;
			refType = 4;
		};
		F5C2C0A1026E3D01012A168D = {
			fileRef = F5C2C0A0026E3D01012A168D;
			isa = PBXBuildFile;
			settings = {
			};
		};
		F5C435D0026CAA31012A168D = {
			fileEncoding = 30;
			isa = PBXFileReference;
			path = tDirectories.h;
			refType = 4;
		};
		F5C435D1026CAA31012A168D = {
			fileEncoding = 30;
			isa = PBXFileReference;
			path = tLocale.cpp;
			refType = 4;
		};
		F5C435D2026CAA31012A168D = {
			fileEncoding = 30;
			isa = PBXFileReference;
			path = tLocale.h;
			refType = 4;
		};
		F5C435D3026CAA31012A168D = {
			fileRef = F5C435D0026CAA31012A168D;
			isa = PBXBuildFile;
			settings = {
			};
		};
		F5C435D4026CAA31012A168D = {
			fileRef = F5C435D2026CAA31012A168D;
			isa = PBXBuildFile;
			settings = {
			};
		};
		F5C435D5026CAA31012A168D = {
			fileRef = F5C435D1026CAA31012A168D;
			isa = PBXBuildFile;
			settings = {
			};
		};
		F5C435D6026CAA50012A168D = {
			fileEncoding = 30;
			isa = PBXFileReference;
			path = tDirectories.cpp;
			refType = 4;
		};
		F5C435D7026CAA51012A168D = {
			fileRef = F5C435D6026CAA50012A168D;
			isa = PBXBuildFile;
			settings = {
			};
		};
		F5C435D8026CABEE012A168D = {
			fileEncoding = 30;
			isa = PBXFileReference;
			name = config.h;
			path = macosx/config.h;
			refType = 4;
		};
		F5C435D9026CABEE012A168D = {
			fileRef = F5C435D8026CABEE012A168D;
			isa = PBXBuildFile;
			settings = {
			};
		};
		F5C435DA026CABFB012A168D = {
			fileEncoding = 30;
			isa = PBXFileReference;
			name = SDLMain.mm;
			path = src/macosx/SDLMain.mm;
			refType = 4;
		};
		F5C435DB026CABFB012A168D = {
			fileEncoding = 30;
			isa = PBXFileReference;
			name = SDLMain.h;
			path = src/macosx/SDLMain.h;
			refType = 4;
		};
		F5C435DC026CABFB012A168D = {
			fileRef = F5C435DB026CABFB012A168D;
			isa = PBXBuildFile;
			settings = {
			};
		};
		F5C435DD026CABFB012A168D = {
			fileRef = F5C435DA026CABFB012A168D;
			isa = PBXBuildFile;
			settings = {
			};
		};
		F5C435DE026CAC11012A168D = {
			isa = PBXFileReference;
			name = SDLMain.nib;
			path = SDL.framework/Versions/A/Resources/SDLMain.nib;
			refType = 4;
		};
		F5C435DF026CAC11012A168D = {
			fileRef = F5C435DE026CAC11012A168D;
			isa = PBXBuildFile;
			settings = {
			};
		};
		F5C4361A026CB850012A168D = {
			includeInIndex = 0;
			isa = PBXFolderReference;
			path = models;
			refType = 4;
		};
		F5C4361B026CB850012A168D = {
			includeInIndex = 0;
			isa = PBXFolderReference;
			path = moviepack;
			refType = 4;
		};
		F5C4361C026CB850012A168D = {
			includeInIndex = 0;
			isa = PBXFolderReference;
			path = sound;
			refType = 4;
		};
		F5C4361D026CB850012A168D = {
			includeInIndex = 0;
			isa = PBXFolderReference;
			path = textures;
			refType = 4;
		};
		F5C4361E026CB850012A168D = {
			fileRef = F5C4361A026CB850012A168D;
			isa = PBXBuildFile;
			settings = {
			};
		};
		F5C4361F026CB850012A168D = {
			fileRef = F5C4361B026CB850012A168D;
			isa = PBXBuildFile;
			settings = {
			};
		};
		F5C43620026CB850012A168D = {
			fileRef = F5C4361C026CB850012A168D;
			isa = PBXBuildFile;
			settings = {
			};
		};
		F5C43621026CB850012A168D = {
			fileRef = F5C4361D026CB850012A168D;
			isa = PBXBuildFile;
			settings = {
			};
		};
		F5C43622026CB85B012A168D = {
			includeInIndex = 0;
			isa = PBXFolderReference;
			path = arenas;
			refType = 4;
		};
		F5C43623026CB85C012A168D = {
			fileRef = F5C43622026CB85B012A168D;
			isa = PBXBuildFile;
			settings = {
			};
		};
		F5C4362E026CBCA6012A168D = {
			includeInIndex = 0;
			isa = PBXFolderReference;
			path = language;
			refType = 4;
		};
		F5C4362F026CBCA6012A168D = {
			fileRef = F5C4362E026CBCA6012A168D;
			isa = PBXBuildFile;
			settings = {
			};
		};
		F5CAF325027F4F12012A168D = {
			buildActionMask = 2147483647;
			files = (
			);
			generatedFileNames = (
			);
			isa = PBXShellScriptBuildPhase;
			neededFileNames = (
			);
			runOnlyForDeploymentPostprocessing = 0;
			shellPath = /bin/sh;
			shellScript = "sed 's|@progtitle@|Armagetron|g' < ../config/aiplayers.cfg.in > ../config/aiplayers.cfg\nsed 's|@progtitle@|Armagetron|g' < ../language/languages.txt.in > ../language/languages.txt\ncp Armagetron.icns \"$TARGET_BUILD_DIR/Armagetron.app/Contents/Resources/textures/icon.png\"\nrm \"$TARGET_BUILD_DIR/Armagetron.app/Contents/pbdevelopment.plist\"\nexport FDIR=\"$TARGET_BUILD_DIR/Armagetron.app/Contents/Frameworks\"\nif [ ! -d \"$FDIR\" ]\nthen\nmkdir -p \"$FDIR\"\nexport HOMEFDIR=\"$HOME/Library/Frameworks\"\nditto \"$HOMEFDIR/SDL.framework\" \"$FDIR/SDL.framework\"\nditto \"$HOMEFDIR/SDL_image.framework\" \"$FDIR/SDL_image.framework\"\nditto \"$HOMEFDIR/SDL_mixer.framework\" \"$FDIR/SDL_mixer.framework\"\nfi";
		};
//F50
//F51
//F52
//F53
//F54
//F70
//F71
//F72
//F73
//F74
		F7BCC2840279CA610136511D = {
			children = (
				F5144EF3023F64E9012A168D,
				F5144EF0023F571A012A168D,
				F526EB8C023F9017012A168D,
				F5C435DE026CAC11012A168D,
			);
			isa = PBXGroup;
			name = Frameworks;
			path = /Users/ben/Library/Frameworks;
			refType = 0;
		};
	};
	rootObject = 29B97313FDCFA39411CA2CEA;
}
