<?xml version="1.0" encoding="UTF-8" standalone="yes" ?>
<CodeBlocks_project_file>
	<FileVersion major="1" minor="6" />
	<Project>
		<Option title="asciiportal" />
		<Option pch_mode="2" />
		<Option compiler="gcc" />
		<Build>
			<Target title="Release">
				<Option output="bin\Release\asciiportal" prefix_auto="1" extension_auto="1" />
				<Option object_output="obj\Release\" />
				<Option type="0" />
				<Option compiler="gcc" />
				<Compiler>
					<Add option="-O2" />
					<Add directory="c:\CodeBlocks\pdcurs33\win32" />
					<Add directory="c:\CodeBlocks\pdcurs33" />
					<Add directory="C:\CodeBlocks\SDL-1.2.13\lib" />
					<Add directory="C:\CodeBlocks\SDL-1.2.13" />
				</Compiler>
				<ResourceCompiler>
					<Add directory="c:\CodeBlocks\pdcurs33\win32" />
					<Add directory="c:\CodeBlocks\pdcurs33" />
					<Add directory="C:\CodeBlocks\SDL-1.2.13\lib" />
					<Add directory="C:\CodeBlocks\SDL-1.2.13" />
				</ResourceCompiler>
				<Linker>
					<Add option="-s" />
					<Add library="C:\CodeBlocks\pdcurs33\sdl1\libpdc_sdl.a" />
					<Add library="C:\CodeBlocks\SDL-1.2.13\lib\libSDL.dll.a" />
					<Add library="C:\CodeBlocks\SDL-1.2.13\lib\libSDLmain.a" />
					<Add directory="c:\CodeBlocks\pdcurs33\win32" />
					<Add directory="c:\CodeBlocks\pdcurs33" />
					<Add directory="C:\CodeBlocks\SDL-1.2.13\lib" />
					<Add directory="C:\CodeBlocks\SDL-1.2.13" />
				</Linker>
			</Target>
		</Build>
		<Compiler>
			<Add option="-Wall" />
			<Add directory="C:\CodeBlocks\SDL-1.2.13\include" />
		</Compiler>
		<Linker>
			<Add option="-lmingw32 -lSDLmain -lSDL -lSDL_mixer" />
			<Add library="C:\CodeBlocks\pdcurs33\sdl1\libpdc_sdl.a" />
			<Add library="C:\CodeBlocks\SDL-1.2.13\lib\libSDL.dll.a" />
			<Add library="c:\CodeBlocks\SDL-1.2.13\lib\SDL_mixer.lib" />
			<Add directory="C:\CodeBlocks\SDL-1.2.13\lib" />
		</Linker>
		<Unit filename="ap_draw.cpp" />
		<Unit filename="ap_draw.h" />
		<Unit filename="ap_input.cpp" />
		<Unit filename="ap_input.h" />
		<Unit filename="ap_play.cpp" />
		<Unit filename="ap_play.h" />
		<Unit filename="ap_sound.cpp" />
		<Unit filename="ap_sound.h" />
		<Unit filename="asciiportal.h" />
		<Unit filename="main.cpp" />
		<Unit filename="menu.cpp" />
		<Unit filename="menu.h" />
		<Extensions>
			<code_completion />
			<debugger />
		</Extensions>
	</Project>
</CodeBlocks_project_file>
